{
  "name": "LOL-Kitten-Box",
  "lockfileVersion": 3,
  "requires": true,
  "packages": {
    "": {
      "dependencies": {
        "dayjs": "^1.11.11",
        "hexgate": "^0.14.8",
        "sudo-js": "^1.0.2",
        "sudo-prompt": "^9.2.1"
      }
    },
    "node_modules/@cuppachino/openapi-fetch": {
      "version": "2.1.2",
      "resolved": "https://registry.npmjs.org/@cuppachino/openapi-fetch/-/openapi-fetch-2.1.2.tgz",
      "integrity": "sha512-0YcoPrPlhQqzVqKw6pjrPZJPJN3D+wgFR2vFrQWT60NEl5Go/ujq5hBMfd1/Br8IZnrafFZgI06EUG4fJnzxEg==",
      "engines": {
        "node": ">= 12.0.0",
        "npm": ">= 7.0.0"
      }
    },
    "node_modules/@cuppachino/proxy-fn": {
      "version": "1.0.3",
      "resolved": "https://registry.npmjs.org/@cuppachino/proxy-fn/-/proxy-fn-1.0.3.tgz",
      "integrity": "sha512-3nj51zuUjK2QdpzqcOfvkylnItoNelgvOf7qvWyEWZe9fdejFcNoU8rgOppW7i7Wm8tI41WJvUGf3JEtWKVM4w=="
    },
    "node_modules/@cuppachino/type-space": {
      "version": "2.1.1",
      "resolved": "https://registry.npmjs.org/@cuppachino/type-space/-/type-space-2.1.1.tgz",
      "integrity": "sha512-Pg/IVoL4X3Rqy+z7D917YaZFuLSU+FXWnQv1F2At35LpqhId10TiQygbRbWC7j/GjGPodQ5JC70xcFHO05Cy7w=="
    },
    "node_modules/@type-challenges/utils": {
      "version": "0.1.1",
      "resolved": "https://registry.npmjs.org/@type-challenges/utils/-/utils-0.1.1.tgz",
      "integrity": "sha512-A7ljYfBM+FLw+NDyuYvGBJiCEV9c0lPWEAdzfOAkb3JFqfLl0Iv/WhWMMARHiRKlmmiD1g8gz/507yVvHdQUYA=="
    },
    "node_modules/bufferutil": {
      "version": "4.0.8",
      "resolved": "https://registry.npmjs.org/bufferutil/-/bufferutil-4.0.8.tgz",
      "integrity": "sha512-4T53u4PdgsXqKaIctwF8ifXlRTTmEPJ8iEPWFdGZvcf7sbwYo6FKFEX9eNNAnzFZ7EzJAQ3CJeOtCRA4rDp7Pw==",
      "hasInstallScript": true,
      "optional": true,
      "dependencies": {
        "node-gyp-build": "^4.3.0"
      },
      "engines": {
        "node": ">=6.14.2"
      }
    },
    "node_modules/dayjs": {
      "version": "1.11.11",
      "resolved": "https://registry.npmjs.org/dayjs/-/dayjs-1.11.11.tgz",
      "integrity": "sha512-okzr3f11N6WuqYtZSvm+F776mB41wRZMhKP+hc34YdW+KmtYYK9iqvHSwo2k9FEH3fhGXvOPV6yz2IcSrfRUDg=="
    },
    "node_modules/hexgate": {
      "version": "0.14.8",
      "resolved": "https://registry.npmjs.org/hexgate/-/hexgate-0.14.8.tgz",
      "integrity": "sha512-2uJV9/hCizVAhg2p9SIrWnBYet/GzcLiaOBXKthZnyKr38L69Dnd3JyIBjMe8QOc8D/8bhfW/kDhrkHpS8kKqw==",
      "dependencies": {
        "@cuppachino/openapi-fetch": "^2.1.2",
        "@cuppachino/proxy-fn": "^1.0.3",
        "@cuppachino/type-space": "^2.0.0",
        "@type-challenges/utils": "^0.1.1",
        "node-fetch-commonjs": "^3.2.4",
        "ws": "^8.13.0"
      },
      "optionalDependencies": {
        "bufferutil": "^4.0.7"
      }
    },
    "node_modules/inpath": {
      "version": "1.0.2",
      "resolved": "https://registry.npmjs.org/inpath/-/inpath-1.0.2.tgz",
      "integrity": "sha512-DTt55ovuYFC62a8oJxRjV2MmTPUdxN43Gd8I2ZgawxbAha6PvJkDQy/RbZGFCJF5IXrpp4PAYtW1w3aV7jXkew==",
      "engines": {
        "node": "*"
      }
    },
    "node_modules/node-domexception": {
      "version": "1.0.0",
      "resolved": "https://registry.npmjs.org/node-domexception/-/node-domexception-1.0.0.tgz",
      "integrity": "sha512-/jKZoMpw0F8GRwl4/eLROPA3cfcXtLApP0QzLmUT/HuPCZWyB7IY9ZrMeKw2O/nFIqPQB3PVM9aYm0F312AXDQ==",
      "funding": [
        {
          "type": "github",
          "url": "https://github.com/sponsors/jimmywarting"
        },
        {
          "type": "github",
          "url": "https://paypal.me/jimmywarting"
        }
      ],
      "engines": {
        "node": ">=10.5.0"
      }
    },
    "node_modules/node-fetch-commonjs": {
      "version": "3.3.2",
      "resolved": "https://registry.npmjs.org/node-fetch-commonjs/-/node-fetch-commonjs-3.3.2.tgz",
      "integrity": "sha512-VBlAiynj3VMLrotgwOS3OyECFxas5y7ltLcK4t41lMUZeaK15Ym4QRkqN0EQKAFL42q9i21EPKjzLUPfltR72A==",
      "dependencies": {
        "node-domexception": "^1.0.0",
        "web-streams-polyfill": "^3.0.3"
      },
      "engines": {
        "node": "^12.20.0 || ^14.13.1 || >=16.0.0"
      },
      "funding": {
        "type": "opencollective",
        "url": "https://opencollective.com/node-fetch"
      }
    },
    "node_modules/node-gyp-build": {
      "version": "4.8.1",
      "resolved": "https://registry.npmjs.org/node-gyp-build/-/node-gyp-build-4.8.1.tgz",
      "integrity": "sha512-OSs33Z9yWr148JZcbZd5WiAXhh/n9z8TxQcdMhIOlpN9AhWpLfvVFO73+m77bBABQMaY9XSvIa+qk0jlI7Gcaw==",
      "optional": true,
      "bin": {
        "node-gyp-build": "bin.js",
        "node-gyp-build-optional": "optional.js",
        "node-gyp-build-test": "build-test.js"
      }
    },
    "node_modules/pidof": {
      "version": "1.0.2",
      "resolved": "https://registry.npmjs.org/pidof/-/pidof-1.0.2.tgz",
      "integrity": "sha512-LLJhTVEUCZnotdAM5rd7KiTdLGgk6i763/hsd5pO+8yuF7mdgg0ob8w/98KrTAcPsj6YzGrkFLPVtBOr1uW2ag==",
      "engines": {
        "node": "*"
      }
    },
    "node_modules/sudo-js": {
      "version": "1.0.2",
      "resolved": "https://registry.npmjs.org/sudo-js/-/sudo-js-1.0.2.tgz",
      "integrity": "sha512-+kLpTJBis4T5DbXzWOdmBNU3k0kOr1CUqC9jqUZtfyh0GlFr9amHPvrpwCzC1WYjRdgdW1cXBY334OMaKuA4Fg==",
      "dependencies": {
        "inpath": "^1.0.2",
        "pidof": "^1.0.2"
      }
    },
    "node_modules/sudo-prompt": {
      "version": "9.2.1",
      "resolved": "https://registry.npmjs.org/sudo-prompt/-/sudo-prompt-9.2.1.tgz",
      "integrity": "sha512-Mu7R0g4ig9TUuGSxJavny5Rv0egCEtpZRNMrZaYS1vxkiIxGiGUwoezU3LazIQ+KE04hTrTfNPgxU5gzi7F5Pw=="
    },
    "node_modules/web-streams-polyfill": {
      "version": "3.3.3",
      "resolved": "https://registry.npmjs.org/web-streams-polyfill/-/web-streams-polyfill-3.3.3.tgz",
      "integrity": "sha512-d2JWLCivmZYTSIoge9MsgFCZrt571BikcWGYkjC1khllbTeDlGqZ2D8vD8E/lJa8WGWbb7Plm8/XJYV7IJHZZw==",
      "engines": {
        "node": ">= 8"
      }
    },
    "node_modules/ws": {
      "version": "8.17.0",
      "resolved": "https://registry.npmjs.org/ws/-/ws-8.17.0.tgz",
      "integrity": "sha512-uJq6108EgZMAl20KagGkzCKfMEjxmKvZHG7Tlq0Z6nOky7YF7aq4mOx6xK8TJ/i1LeK4Qus7INktacctDgY8Ow==",
      "engines": {
        "node": ">=10.0.0"
      },
      "peerDependencies": {
        "bufferutil": "^4.0.1",
        "utf-8-validate": ">=5.0.2"
      },
      "peerDependenciesMeta": {
        "bufferutil": {
          "optional": true
        },
        "utf-8-validate": {
          "optional": true
        }
      }
    }
  }
}
